
Microsoft Visual Studio Solution File, Format Version 12.00
# Visual Studio Version 17
VisualStudioVersion = 17.7.34024.191
MinimumVisualStudioVersion = 10.0.40219.1
Project("{8BC9CEB8-8B4A-11D0-8D11-00A0C91BC942}") = "ConsoleApplication1", "ConsoleApplication1\ConsoleApplication1.vcxproj", "{B477F96B-4B12-45FC-8659-DFE6ACDABA1C}"
EndProject
Project("{2150E333-8FDC-42A3-9474-1A3956D46DE8}") = "ifConsoleApp", "ifConsoleApp", "{9ACF497B-6C61-4DD0-A934-F51E69AAFC38}"
EndProject
Project("{8BC9CEB8-8B4A-11D0-8D11-00A0C91BC942}") = "ifConsoleApp", "ConsoleApplication2\ConsoleApplication2.vcxproj", "{CBE7F9A5-B244-40BC-9295-8D04FD8484D8}"
EndProject
Project("{2150E333-8FDC-42A3-9474-1A3956D46DE8}") = "stringConsoleApp", "stringConsoleApp", "{DCCE0D9E-5B18-482A-9DDF-5294F661BD2B}"
EndProject
Project("{2150E333-8FDC-42A3-9474-1A3956D46DE8}") = "forConsoleApp", "forConsoleApp", "{61C1DA12-0EEA-47FA-8CBA-53372512CB9D}"
EndProject
Project("{8BC9CEB8-8B4A-11D0-8D11-00A0C91BC942}") = "stringConsoleApp", "stringConsoleApp\stringConsoleApp.vcxproj", "{C0B4B548-F9B3-49DD-99CE-73EDDEF9B1C7}"
EndProject
Project("{2150E333-8FDC-42A3-9474-1A3956D46DE8}") = "arrayConsoleApp", "arrayConsoleApp", "{4E7EC2F0-EC8B-4FCF-8508-53348BC763EA}"
EndProject
Project("{8BC9CEB8-8B4A-11D0-8D11-00A0C91BC942}") = "arrayConsoleApp", "arrayConsoleApp\arrayConsoleApp.vcxproj", "{95A3517A-6E08-4D14-8A04-C11FAB981304}"
EndProject
Project("{2150E333-8FDC-42A3-9474-1A3956D46DE8}") = "StructConsoleApp", "StructConsoleApp", "{4C34D73A-23F0-4CEE-B376-FD5E7BF46BF1}"
EndProject
Project("{8BC9CEB8-8B4A-11D0-8D11-00A0C91BC942}") = "ConsoleApplication3", "ConsoleApplication3\ConsoleApplication3.vcxproj", "{998EFAB5-5635-4AEC-A76D-9C22AF895455}"
EndProject
Project("{2150E333-8FDC-42A3-9474-1A3956D46DE8}") = "NewFolder1", "NewFolder1", "{C06C04C0-F305-4579-A3AF-73B4D56B6966}"
EndProject
Project("{8BC9CEB8-8B4A-11D0-8D11-00A0C91BC942}") = "ConsoleApplication5", "ConsoleApplication5\ConsoleApplication5.vcxproj", "{D650DB94-3D22-44A6-BA10-126A317DE0AB}"
EndProject
Project("{2150E333-8FDC-42A3-9474-1A3956D46DE8}") = "zadanie", "zadanie", "{616FDE1A-E0CA-46D7-8303-E11A7F6BC584}"
EndProject
Project("{8BC9CEB8-8B4A-11D0-8D11-00A0C91BC942}") = "ConsoleApplication6", "ConsoleApplication6\ConsoleApplication6.vcxproj", "{57D1288F-FC6C-4015-A151-226D34EA844A}"
EndProject
Project("{2150E333-8FDC-42A3-9474-1A3956D46DE8}") = "ConsoloeeApp", "ConsoloeeApp", "{215A3461-644B-4B86-8871-B75574C194A3}"
EndProject
Project("{8BC9CEB8-8B4A-11D0-8D11-00A0C91BC942}") = "ConsoleApplication7", "ConsoleApplication7\ConsoleApplication7.vcxproj", "{6C90846E-A1C9-4709-B150-B5587AB85FAE}"
EndProject
Project("{2150E333-8FDC-42A3-9474-1A3956D46DE8}") = "GeometryConsoleApp", "GeometryConsoleApp", "{DB056937-51EF-4D9C-8285-0B9EB14C9A58}"
EndProject
Project("{8BC9CEB8-8B4A-11D0-8D11-00A0C91BC942}") = "GeometryConsoleApp", "GeometryConsoleApp\GeometryConsoleApp.vcxproj", "{2078B3C6-08D7-417C-AA69-A81717809D8C}"
EndProject
Global
	GlobalSection(SolutionConfigurationPlatforms) = preSolution
		Debug|x64 = Debug|x64
		Debug|x86 = Debug|x86
		Release|x64 = Release|x64
		Release|x86 = Release|x86
	EndGlobalSection
	GlobalSection(ProjectConfigurationPlatforms) = postSolution
		{B477F96B-4B12-45FC-8659-DFE6ACDABA1C}.Debug|x64.ActiveCfg = Debug|x64
		{B477F96B-4B12-45FC-8659-DFE6ACDABA1C}.Debug|x64.Build.0 = Debug|x64
		{B477F96B-4B12-45FC-8659-DFE6ACDABA1C}.Debug|x86.ActiveCfg = Debug|Win32
		{B477F96B-4B12-45FC-8659-DFE6ACDABA1C}.Debug|x86.Build.0 = Debug|Win32
		{B477F96B-4B12-45FC-8659-DFE6ACDABA1C}.Release|x64.ActiveCfg = Release|x64
		{B477F96B-4B12-45FC-8659-DFE6ACDABA1C}.Release|x64.Build.0 = Release|x64
		{B477F96B-4B12-45FC-8659-DFE6ACDABA1C}.Release|x86.ActiveCfg = Release|Win32
		{B477F96B-4B12-45FC-8659-DFE6ACDABA1C}.Release|x86.Build.0 = Release|Win32
		{CBE7F9A5-B244-40BC-9295-8D04FD8484D8}.Debug|x64.ActiveCfg = Debug|x64
		{CBE7F9A5-B244-40BC-9295-8D04FD8484D8}.Debug|x64.Build.0 = Debug|x64
		{CBE7F9A5-B244-40BC-9295-8D04FD8484D8}.Debug|x86.ActiveCfg = Debug|Win32
		{CBE7F9A5-B244-40BC-9295-8D04FD8484D8}.Debug|x86.Build.0 = Debug|Win32
		{CBE7F9A5-B244-40BC-9295-8D04FD8484D8}.Release|x64.ActiveCfg = Release|x64
		{CBE7F9A5-B244-40BC-9295-8D04FD8484D8}.Release|x64.Build.0 = Release|x64
		{CBE7F9A5-B244-40BC-9295-8D04FD8484D8}.Release|x86.ActiveCfg = Release|Win32
		{CBE7F9A5-B244-40BC-9295-8D04FD8484D8}.Release|x86.Build.0 = Release|Win32
		{C0B4B548-F9B3-49DD-99CE-73EDDEF9B1C7}.Debug|x64.ActiveCfg = Debug|x64
		{C0B4B548-F9B3-49DD-99CE-73EDDEF9B1C7}.Debug|x64.Build.0 = Debug|x64
		{C0B4B548-F9B3-49DD-99CE-73EDDEF9B1C7}.Debug|x86.ActiveCfg = Debug|Win32
		{C0B4B548-F9B3-49DD-99CE-73EDDEF9B1C7}.Debug|x86.Build.0 = Debug|Win32
		{C0B4B548-F9B3-49DD-99CE-73EDDEF9B1C7}.Release|x64.ActiveCfg = Release|x64
		{C0B4B548-F9B3-49DD-99CE-73EDDEF9B1C7}.Release|x64.Build.0 = Release|x64
		{C0B4B548-F9B3-49DD-99CE-73EDDEF9B1C7}.Release|x86.ActiveCfg = Release|Win32
		{C0B4B548-F9B3-49DD-99CE-73EDDEF9B1C7}.Release|x86.Build.0 = Release|Win32
		{95A3517A-6E08-4D14-8A04-C11FAB981304}.Debug|x64.ActiveCfg = Debug|x64
		{95A3517A-6E08-4D14-8A04-C11FAB981304}.Debug|x64.Build.0 = Debug|x64
		{95A3517A-6E08-4D14-8A04-C11FAB981304}.Debug|x86.ActiveCfg = Debug|Win32
		{95A3517A-6E08-4D14-8A04-C11FAB981304}.Debug|x86.Build.0 = Debug|Win32
		{95A3517A-6E08-4D14-8A04-C11FAB981304}.Release|x64.ActiveCfg = Release|x64
		{95A3517A-6E08-4D14-8A04-C11FAB981304}.Release|x64.Build.0 = Release|x64
		{95A3517A-6E08-4D14-8A04-C11FAB981304}.Release|x86.ActiveCfg = Release|Win32
		{95A3517A-6E08-4D14-8A04-C11FAB981304}.Release|x86.Build.0 = Release|Win32
		{998EFAB5-5635-4AEC-A76D-9C22AF895455}.Debug|x64.ActiveCfg = Debug|x64
		{998EFAB5-5635-4AEC-A76D-9C22AF895455}.Debug|x64.Build.0 = Debug|x64
		{998EFAB5-5635-4AEC-A76D-9C22AF895455}.Debug|x86.ActiveCfg = Debug|Win32
		{998EFAB5-5635-4AEC-A76D-9C22AF895455}.Debug|x86.Build.0 = Debug|Win32
		{998EFAB5-5635-4AEC-A76D-9C22AF895455}.Release|x64.ActiveCfg = Release|x64
		{998EFAB5-5635-4AEC-A76D-9C22AF895455}.Release|x64.Build.0 = Release|x64
		{998EFAB5-5635-4AEC-A76D-9C22AF895455}.Release|x86.ActiveCfg = Release|Win32
		{998EFAB5-5635-4AEC-A76D-9C22AF895455}.Release|x86.Build.0 = Release|Win32
		{D650DB94-3D22-44A6-BA10-126A317DE0AB}.Debug|x64.ActiveCfg = Debug|x64
		{D650DB94-3D22-44A6-BA10-126A317DE0AB}.Debug|x64.Build.0 = Debug|x64
		{D650DB94-3D22-44A6-BA10-126A317DE0AB}.Debug|x86.ActiveCfg = Debug|Win32
		{D650DB94-3D22-44A6-BA10-126A317DE0AB}.Debug|x86.Build.0 = Debug|Win32
		{D650DB94-3D22-44A6-BA10-126A317DE0AB}.Release|x64.ActiveCfg = Release|x64
		{D650DB94-3D22-44A6-BA10-126A317DE0AB}.Release|x64.Build.0 = Release|x64
		{D650DB94-3D22-44A6-BA10-126A317DE0AB}.Release|x86.ActiveCfg = Release|Win32
		{D650DB94-3D22-44A6-BA10-126A317DE0AB}.Release|x86.Build.0 = Release|Win32
		{57D1288F-FC6C-4015-A151-226D34EA844A}.Debug|x64.ActiveCfg = Debug|x64
		{57D1288F-FC6C-4015-A151-226D34EA844A}.Debug|x64.Build.0 = Debug|x64
		{57D1288F-FC6C-4015-A151-226D34EA844A}.Debug|x86.ActiveCfg = Debug|Win32
		{57D1288F-FC6C-4015-A151-226D34EA844A}.Debug|x86.Build.0 = Debug|Win32
		{57D1288F-FC6C-4015-A151-226D34EA844A}.Release|x64.ActiveCfg = Release|x64
		{57D1288F-FC6C-4015-A151-226D34EA844A}.Release|x64.Build.0 = Release|x64
		{57D1288F-FC6C-4015-A151-226D34EA844A}.Release|x86.ActiveCfg = Release|Win32
		{57D1288F-FC6C-4015-A151-226D34EA844A}.Release|x86.Build.0 = Release|Win32
		{6C90846E-A1C9-4709-B150-B5587AB85FAE}.Debug|x64.ActiveCfg = Debug|x64
		{6C90846E-A1C9-4709-B150-B5587AB85FAE}.Debug|x64.Build.0 = Debug|x64
		{6C90846E-A1C9-4709-B150-B5587AB85FAE}.Debug|x86.ActiveCfg = Debug|Win32
		{6C90846E-A1C9-4709-B150-B5587AB85FAE}.Debug|x86.Build.0 = Debug|Win32
		{6C90846E-A1C9-4709-B150-B5587AB85FAE}.Release|x64.ActiveCfg = Release|x64
		{6C90846E-A1C9-4709-B150-B5587AB85FAE}.Release|x64.Build.0 = Release|x64
		{6C90846E-A1C9-4709-B150-B5587AB85FAE}.Release|x86.ActiveCfg = Release|Win32
		{6C90846E-A1C9-4709-B150-B5587AB85FAE}.Release|x86.Build.0 = Release|Win32
		{2078B3C6-08D7-417C-AA69-A81717809D8C}.Debug|x64.ActiveCfg = Debug|x64
		{2078B3C6-08D7-417C-AA69-A81717809D8C}.Debug|x64.Build.0 = Debug|x64
		{2078B3C6-08D7-417C-AA69-A81717809D8C}.Debug|x86.ActiveCfg = Debug|Win32
		{2078B3C6-08D7-417C-AA69-A81717809D8C}.Debug|x86.Build.0 = Debug|Win32
		{2078B3C6-08D7-417C-AA69-A81717809D8C}.Release|x64.ActiveCfg = Release|x64
		{2078B3C6-08D7-417C-AA69-A81717809D8C}.Release|x64.Build.0 = Release|x64
		{2078B3C6-08D7-417C-AA69-A81717809D8C}.Release|x86.ActiveCfg = Release|Win32
		{2078B3C6-08D7-417C-AA69-A81717809D8C}.Release|x86.Build.0 = Release|Win32
	EndGlobalSection
	GlobalSection(SolutionProperties) = preSolution
		HideSolutionNode = FALSE
	EndGlobalSection
	GlobalSection(NestedProjects) = preSolution
		{B477F96B-4B12-45FC-8659-DFE6ACDABA1C} = {61C1DA12-0EEA-47FA-8CBA-53372512CB9D}
		{CBE7F9A5-B244-40BC-9295-8D04FD8484D8} = {9ACF497B-6C61-4DD0-A934-F51E69AAFC38}
		{C0B4B548-F9B3-49DD-99CE-73EDDEF9B1C7} = {DCCE0D9E-5B18-482A-9DDF-5294F661BD2B}
		{95A3517A-6E08-4D14-8A04-C11FAB981304} = {4E7EC2F0-EC8B-4FCF-8508-53348BC763EA}
		{998EFAB5-5635-4AEC-A76D-9C22AF895455} = {4C34D73A-23F0-4CEE-B376-FD5E7BF46BF1}
		{D650DB94-3D22-44A6-BA10-126A317DE0AB} = {C06C04C0-F305-4579-A3AF-73B4D56B6966}
		{57D1288F-FC6C-4015-A151-226D34EA844A} = {616FDE1A-E0CA-46D7-8303-E11A7F6BC584}
		{6C90846E-A1C9-4709-B150-B5587AB85FAE} = {215A3461-644B-4B86-8871-B75574C194A3}
		{2078B3C6-08D7-417C-AA69-A81717809D8C} = {DB056937-51EF-4D9C-8285-0B9EB14C9A58}
	EndGlobalSection
	GlobalSection(ExtensibilityGlobals) = postSolution
		SolutionGuid = {3024F393-4727-4334-B5F1-0F0E2635C952}
	EndGlobalSection
EndGlobal
